
Microsoft Visual Studio Solution File, Format Version 12.00
# Visual Studio 2013
VisualStudioVersion = 12.0.31101.0
MinimumVisualStudioVersion = 10.0.40219.1
Project("{2150E333-8FDC-42A3-9474-1A3956D46DE8}") = "Common", "Common", "{BF6C85A1-2274-4913-84F1-56870F8072DF}"
EndProject
Project("{FAE04EC0-301F-11D3-BF4B-00C04F79EFBC}") = "Core", "Common\Core\Core.csproj", "{298EF1D5-F129-451F-9E3E-B15D8108AAEF}"
EndProject
Project("{FAE04EC0-301F-11D3-BF4B-00C04F79EFBC}") = "Core.Web", "Common\Core.Web\Core.Web.csproj", "{2F1260D2-5F72-4419-8244-F50958EBDFED}"
EndProject
Project("{FAE04EC0-301F-11D3-BF4B-00C04F79EFBC}") = "Data.Model", "Data.Model\Data.Model.csproj", "{9524A0A7-462F-494E-9A4D-21BF5BDCFC5F}"
EndProject
Project("{FAE04EC0-301F-11D3-BF4B-00C04F79EFBC}") = "Service", "Service\Service.csproj", "{A9236F3F-BC7F-455C-8659-552E53E7B82B}"
EndProject
Project("{2150E333-8FDC-42A3-9474-1A3956D46DE8}") = "Site", "Site", "{BF2C234A-4119-477F-BC51-B76F0E39E7D3}"
EndProject
Project("{FAE04EC0-301F-11D3-BF4B-00C04F79EFBC}") = "PlatformSite", "PlatformSite\PlatformSite.csproj", "{D63F1E16-BA03-452D-90D3-471887DB3BEB}"
EndProject
Project("{FAE04EC0-301F-11D3-BF4B-00C04F79EFBC}") = "TradeSite", "TradeSite\TradeSite.csproj", "{C40E16CF-0485-4EE7-94C3-2B214B7B4494}"
EndProject
Project("{FAE04EC0-301F-11D3-BF4B-00C04F79EFBC}") = "Data.Context", "Data.Context\Data.Context.csproj", "{B7F800C9-E291-460D-B64C-57164C5965B0}"
EndProject
Project("{2150E333-8FDC-42A3-9474-1A3956D46DE8}") = "UnitTest", "UnitTest", "{9F32BDB0-47AF-47E7-A22A-73EBB05B540F}"
EndProject
Project("{FAE04EC0-301F-11D3-BF4B-00C04F79EFBC}") = "CommonTest", "Common\CommonTest\CommonTest.csproj", "{8A9659B0-E7F5-4A30-A317-95DD467744C7}"
EndProject
Project("{FAE04EC0-301F-11D3-BF4B-00C04F79EFBC}") = "Helper", "Common\Helper\Helper.csproj", "{8DBD20A4-0869-481A-AB01-0563DB4EF99F}"
EndProject
Project("{FAE04EC0-301F-11D3-BF4B-00C04F79EFBC}") = "WebLogger", "Common\WebLogger\WebLogger.csproj", "{0F13053E-63CB-4484-9849-5409B80A8A5F}"
EndProject
Global
	GlobalSection(SolutionConfigurationPlatforms) = preSolution
		Debug|Any CPU = Debug|Any CPU
		Release|Any CPU = Release|Any CPU
	EndGlobalSection
	GlobalSection(ProjectConfigurationPlatforms) = postSolution
		{298EF1D5-F129-451F-9E3E-B15D8108AAEF}.Debug|Any CPU.ActiveCfg = Debug|Any CPU
		{298EF1D5-F129-451F-9E3E-B15D8108AAEF}.Debug|Any CPU.Build.0 = Debug|Any CPU
		{298EF1D5-F129-451F-9E3E-B15D8108AAEF}.Release|Any CPU.ActiveCfg = Release|Any CPU
		{298EF1D5-F129-451F-9E3E-B15D8108AAEF}.Release|Any CPU.Build.0 = Release|Any CPU
		{2F1260D2-5F72-4419-8244-F50958EBDFED}.Debug|Any CPU.ActiveCfg = Debug|Any CPU
		{2F1260D2-5F72-4419-8244-F50958EBDFED}.Debug|Any CPU.Build.0 = Debug|Any CPU
		{2F1260D2-5F72-4419-8244-F50958EBDFED}.Release|Any CPU.ActiveCfg = Release|Any CPU
		{2F1260D2-5F72-4419-8244-F50958EBDFED}.Release|Any CPU.Build.0 = Release|Any CPU
		{9524A0A7-462F-494E-9A4D-21BF5BDCFC5F}.Debug|Any CPU.ActiveCfg = Debug|Any CPU
		{9524A0A7-462F-494E-9A4D-21BF5BDCFC5F}.Debug|Any CPU.Build.0 = Debug|Any CPU
		{9524A0A7-462F-494E-9A4D-21BF5BDCFC5F}.Release|Any CPU.ActiveCfg = Release|Any CPU
		{9524A0A7-462F-494E-9A4D-21BF5BDCFC5F}.Release|Any CPU.Build.0 = Release|Any CPU
		{A9236F3F-BC7F-455C-8659-552E53E7B82B}.Debug|Any CPU.ActiveCfg = Debug|Any CPU
		{A9236F3F-BC7F-455C-8659-552E53E7B82B}.Debug|Any CPU.Build.0 = Debug|Any CPU
		{A9236F3F-BC7F-455C-8659-552E53E7B82B}.Release|Any CPU.ActiveCfg = Release|Any CPU
		{A9236F3F-BC7F-455C-8659-552E53E7B82B}.Release|Any CPU.Build.0 = Release|Any CPU
		{D63F1E16-BA03-452D-90D3-471887DB3BEB}.Debug|Any CPU.ActiveCfg = Debug|Any CPU
		{D63F1E16-BA03-452D-90D3-471887DB3BEB}.Debug|Any CPU.Build.0 = Debug|Any CPU
		{D63F1E16-BA03-452D-90D3-471887DB3BEB}.Release|Any CPU.ActiveCfg = Release|Any CPU
		{D63F1E16-BA03-452D-90D3-471887DB3BEB}.Release|Any CPU.Build.0 = Release|Any CPU
		{C40E16CF-0485-4EE7-94C3-2B214B7B4494}.Debug|Any CPU.ActiveCfg = Debug|Any CPU
		{C40E16CF-0485-4EE7-94C3-2B214B7B4494}.Debug|Any CPU.Build.0 = Debug|Any CPU
		{C40E16CF-0485-4EE7-94C3-2B214B7B4494}.Release|Any CPU.ActiveCfg = Release|Any CPU
		{C40E16CF-0485-4EE7-94C3-2B214B7B4494}.Release|Any CPU.Build.0 = Release|Any CPU
		{B7F800C9-E291-460D-B64C-57164C5965B0}.Debug|Any CPU.ActiveCfg = Debug|Any CPU
		{B7F800C9-E291-460D-B64C-57164C5965B0}.Debug|Any CPU.Build.0 = Debug|Any CPU
		{B7F800C9-E291-460D-B64C-57164C5965B0}.Release|Any CPU.ActiveCfg = Release|Any CPU
		{B7F800C9-E291-460D-B64C-57164C5965B0}.Release|Any CPU.Build.0 = Release|Any CPU
		{8A9659B0-E7F5-4A30-A317-95DD467744C7}.Debug|Any CPU.ActiveCfg = Debug|Any CPU
		{8A9659B0-E7F5-4A30-A317-95DD467744C7}.Debug|Any CPU.Build.0 = Debug|Any CPU
		{8A9659B0-E7F5-4A30-A317-95DD467744C7}.Release|Any CPU.ActiveCfg = Release|Any CPU
		{8A9659B0-E7F5-4A30-A317-95DD467744C7}.Release|Any CPU.Build.0 = Release|Any CPU
		{8DBD20A4-0869-481A-AB01-0563DB4EF99F}.Debug|Any CPU.ActiveCfg = Debug|Any CPU
		{8DBD20A4-0869-481A-AB01-0563DB4EF99F}.Debug|Any CPU.Build.0 = Debug|Any CPU
		{8DBD20A4-0869-481A-AB01-0563DB4EF99F}.Release|Any CPU.ActiveCfg = Release|Any CPU
		{8DBD20A4-0869-481A-AB01-0563DB4EF99F}.Release|Any CPU.Build.0 = Release|Any CPU
		{0F13053E-63CB-4484-9849-5409B80A8A5F}.Debug|Any CPU.ActiveCfg = Debug|Any CPU
		{0F13053E-63CB-4484-9849-5409B80A8A5F}.Debug|Any CPU.Build.0 = Debug|Any CPU
		{0F13053E-63CB-4484-9849-5409B80A8A5F}.Release|Any CPU.ActiveCfg = Release|Any CPU
		{0F13053E-63CB-4484-9849-5409B80A8A5F}.Release|Any CPU.Build.0 = Release|Any CPU
	EndGlobalSection
	GlobalSection(SolutionProperties) = preSolution
		HideSolutionNode = FALSE
	EndGlobalSection
	GlobalSection(NestedProjects) = preSolution
		{298EF1D5-F129-451F-9E3E-B15D8108AAEF} = {BF6C85A1-2274-4913-84F1-56870F8072DF}
		{2F1260D2-5F72-4419-8244-F50958EBDFED} = {BF6C85A1-2274-4913-84F1-56870F8072DF}
		{D63F1E16-BA03-452D-90D3-471887DB3BEB} = {BF2C234A-4119-477F-BC51-B76F0E39E7D3}
		{C40E16CF-0485-4EE7-94C3-2B214B7B4494} = {BF2C234A-4119-477F-BC51-B76F0E39E7D3}
		{8A9659B0-E7F5-4A30-A317-95DD467744C7} = {BF6C85A1-2274-4913-84F1-56870F8072DF}
		{8DBD20A4-0869-481A-AB01-0563DB4EF99F} = {BF6C85A1-2274-4913-84F1-56870F8072DF}
		{0F13053E-63CB-4484-9849-5409B80A8A5F} = {BF6C85A1-2274-4913-84F1-56870F8072DF}
	EndGlobalSection
EndGlobal
